
Microsoft Visual Studio Solution File, Format Version 12.00
# Visual Studio Version 17
VisualStudioVersion = 17.0.31903.59
MinimumVisualStudioVersion = 10.0.40219.1
Project("{2150E333-8FDC-42A3-9474-1A3956D46DE8}") = "backend", "backend", "{B21E8CDA-39F8-4584-B7CB-752A6EA635B5}"
EndProject
Project("{FAE04EC0-301F-11D3-BF4B-00C04F79EFBC}") = "SquaresApi", "backend\SquaresApi\SquaresApi.csproj", "{E0B78BA3-AA6A-409D-8646-02531A0A7FDC}"
EndProject
Global
	GlobalSection(SolutionConfigurationPlatforms) = preSolution
		Debug|Any CPU = Debug|Any CPU
		Release|Any CPU = Release|Any CPU
	EndGlobalSection
	GlobalSection(SolutionProperties) = preSolution
		HideSolutionNode = FALSE
	EndGlobalSection
	GlobalSection(ProjectConfigurationPlatforms) = postSolution
		{E0B78BA3-AA6A-409D-8646-02531A0A7FDC}.Debug|Any CPU.ActiveCfg = Debug|Any CPU
		{E0B78BA3-AA6A-409D-8646-02531A0A7FDC}.Debug|Any CPU.Build.0 = Debug|Any CPU
		{E0B78BA3-AA6A-409D-8646-02531A0A7FDC}.Release|Any CPU.ActiveCfg = Release|Any CPU
		{E0B78BA3-AA6A-409D-8646-02531A0A7FDC}.Release|Any CPU.Build.0 = Release|Any CPU
	EndGlobalSection
	GlobalSection(NestedProjects) = preSolution
		{E0B78BA3-AA6A-409D-8646-02531A0A7FDC} = {B21E8CDA-39F8-4584-B7CB-752A6EA635B5}
	EndGlobalSection
EndGlobal
