Microsoft Visual Studio Solution File, Format Version 12.00
# Visual Studio Version 17
VisualStudioVersion = 17.5.2.0
MinimumVisualStudioVersion = 10.0.40219.1
Project("{FAE04EC0-301F-11D3-BF4B-00C04F79EFBC}") = "MagicSquaresApi", "MagicSquaresApi\MagicSquaresApi.csproj", "{2B9A3D18-6C11-F16E-5970-D3C67C73D3FD}"
EndProject
Project("{FAE04EC0-301F-11D3-BF4B-00C04F79EFBC}") = "MagicSquaresApi.Tests", "MagicSquaresApi.Tests\MagicSquaresApi.Tests.csproj", "{7CDB213E-338E-351A-9992-C141FAC13EF9}"
EndProject
Global
	GlobalSection(SolutionConfigurationPlatforms) = preSolution
		Debug|Any CPU = Debug|Any CPU
		Release|Any CPU = Release|Any CPU
	EndGlobalSection
	GlobalSection(ProjectConfigurationPlatforms) = postSolution
		{2B9A3D18-6C11-F16E-5970-D3C67C73D3FD}.Debug|Any CPU.ActiveCfg = Debug|Any CPU
		{2B9A3D18-6C11-F16E-5970-D3C67C73D3FD}.Debug|Any CPU.Build.0 = Debug|Any CPU
		{2B9A3D18-6C11-F16E-5970-D3C67C73D3FD}.Release|Any CPU.ActiveCfg = Release|Any CPU
		{2B9A3D18-6C11-F16E-5970-D3C67C73D3FD}.Release|Any CPU.Build.0 = Release|Any CPU
		{7CDB213E-338E-351A-9992-C141FAC13EF9}.Debug|Any CPU.ActiveCfg = Debug|Any CPU
		{7CDB213E-338E-351A-9992-C141FAC13EF9}.Debug|Any CPU.Build.0 = Debug|Any CPU
		{7CDB213E-338E-351A-9992-C141FAC13EF9}.Release|Any CPU.ActiveCfg = Release|Any CPU
		{7CDB213E-338E-351A-9992-C141FAC13EF9}.Release|Any CPU.Build.0 = Release|Any CPU
	EndGlobalSection
	GlobalSection(SolutionProperties) = preSolution
		HideSolutionNode = FALSE
	EndGlobalSection
	GlobalSection(ExtensibilityGlobals) = postSolution
		SolutionGuid = {A079D533-0504-4655-AF35-0FD4475DE019}
	EndGlobalSection
EndGlobal
